
Microsoft Visual Studio Solution File, Format Version 12.00
# Visual Studio Version 16
VisualStudioVersion = 16.0.30503.244
MinimumVisualStudioVersion = 10.0.40219.1
Project("{FAE04EC0-301F-11D3-BF4B-00C04F79EFBC}") = "CountNSay", "CountNSay\CountNSay.csproj", "{08DB8833-BF7B-45E1-A1B0-0A2EEB223690}"
EndProject
Global
	GlobalSection(SolutionConfigurationPlatforms) = preSolution
		Debug|Any CPU = Debug|Any CPU
		Release|Any CPU = Release|Any CPU
	EndGlobalSection
	GlobalSection(ProjectConfigurationPlatforms) = postSolution
		{08DB8833-BF7B-45E1-A1B0-0A2EEB223690}.Debug|Any CPU.ActiveCfg = Debug|Any CPU
		{08DB8833-BF7B-45E1-A1B0-0A2EEB223690}.Debug|Any CPU.Build.0 = Debug|Any CPU
		{08DB8833-BF7B-45E1-A1B0-0A2EEB223690}.Release|Any CPU.ActiveCfg = Release|Any CPU
		{08DB8833-BF7B-45E1-A1B0-0A2EEB223690}.Release|Any CPU.Build.0 = Release|Any CPU
	EndGlobalSection
	GlobalSection(SolutionProperties) = preSolution
		HideSolutionNode = FALSE
	EndGlobalSection
	GlobalSection(ExtensibilityGlobals) = postSolution
		SolutionGuid = {44860788-52E6-45B0-A8A2-2EC45A4FC4EB}
	EndGlobalSection
EndGlobal
